
Microsoft Visual Studio Solution File, Format Version 12.00
# Visual Studio Version 16
VisualStudioVersion = 16.0.31702.278
MinimumVisualStudioVersion = 10.0.40219.1
Project("{2150E333-8FDC-42A3-9474-1A3956D46DE8}") = "Services", "Services", "{AAB7731B-8092-4B86-8D6C-F44C496B8AEA}"
EndProject
Project("{2150E333-8FDC-42A3-9474-1A3956D46DE8}") = "Catalog", "Catalog", "{115397D3-10CA-4AD3-AEB9-B79CC32E6290}"
EndProject
Project("{9A19103F-16F7-4668-BE54-9A1E7A4F7556}") = "Catalog.API", "Services\Catalog\Catalog.API\Catalog.API.csproj", "{0AFAE6EA-581A-438D-AB62-8EC970A51582}"
EndProject
Project("{E53339B2-1760-4266-BCC7-CA923CBCF16C}") = "docker-compose", "docker-compose.dcproj", "{89D6069A-619A-455D-8EE1-FDA45FACB0BA}"
EndProject
Project("{2150E333-8FDC-42A3-9474-1A3956D46DE8}") = "Basket", "Basket", "{F5B6E237-A49A-4E48-82F0-92C0B4819D27}"
EndProject
Project("{9A19103F-16F7-4668-BE54-9A1E7A4F7556}") = "Basket.API", "Services\Basket\Basket.API\Basket.API.csproj", "{3FDCCBE9-517A-4401-9FA0-57EFB3FA3381}"
EndProject
Project("{2150E333-8FDC-42A3-9474-1A3956D46DE8}") = "Discount", "Discount", "{2302A4CF-B9DA-4047-B32B-D9E5A693823F}"
EndProject
Project("{9A19103F-16F7-4668-BE54-9A1E7A4F7556}") = "Discount.API", "Services\Discount\Discount.API\Discount.API.csproj", "{83F6D6DC-0496-44DE-8789-5F4BE5BDDD12}"
EndProject
Project("{9A19103F-16F7-4668-BE54-9A1E7A4F7556}") = "Discount.Grpc", "Services\Discount\Discount.Grpc\Discount.Grpc.csproj", "{33F5358E-8B0C-447A-B695-FB89B8F7D4D4}"
EndProject
Project("{2150E333-8FDC-42A3-9474-1A3956D46DE8}") = "Ordering", "Ordering", "{A8F3ECDB-2345-406C-B18A-BFFCE88293CC}"
EndProject
Project("{FAE04EC0-301F-11D3-BF4B-00C04F79EFBC}") = "Ordering.API", "Services\Ordering\Ordering.API\Ordering.API.csproj", "{2BB6422B-13C6-46D7-BF03-AA05F1583006}"
EndProject
Global
	GlobalSection(SolutionConfigurationPlatforms) = preSolution
		Debug|Any CPU = Debug|Any CPU
		Release|Any CPU = Release|Any CPU
	EndGlobalSection
	GlobalSection(ProjectConfigurationPlatforms) = postSolution
		{0AFAE6EA-581A-438D-AB62-8EC970A51582}.Debug|Any CPU.ActiveCfg = Debug|Any CPU
		{0AFAE6EA-581A-438D-AB62-8EC970A51582}.Debug|Any CPU.Build.0 = Debug|Any CPU
		{0AFAE6EA-581A-438D-AB62-8EC970A51582}.Release|Any CPU.ActiveCfg = Release|Any CPU
		{0AFAE6EA-581A-438D-AB62-8EC970A51582}.Release|Any CPU.Build.0 = Release|Any CPU
		{89D6069A-619A-455D-8EE1-FDA45FACB0BA}.Debug|Any CPU.ActiveCfg = Debug|Any CPU
		{89D6069A-619A-455D-8EE1-FDA45FACB0BA}.Debug|Any CPU.Build.0 = Debug|Any CPU
		{89D6069A-619A-455D-8EE1-FDA45FACB0BA}.Release|Any CPU.ActiveCfg = Release|Any CPU
		{89D6069A-619A-455D-8EE1-FDA45FACB0BA}.Release|Any CPU.Build.0 = Release|Any CPU
		{3FDCCBE9-517A-4401-9FA0-57EFB3FA3381}.Debug|Any CPU.ActiveCfg = Debug|Any CPU
		{3FDCCBE9-517A-4401-9FA0-57EFB3FA3381}.Debug|Any CPU.Build.0 = Debug|Any CPU
		{3FDCCBE9-517A-4401-9FA0-57EFB3FA3381}.Release|Any CPU.ActiveCfg = Release|Any CPU
		{3FDCCBE9-517A-4401-9FA0-57EFB3FA3381}.Release|Any CPU.Build.0 = Release|Any CPU
		{83F6D6DC-0496-44DE-8789-5F4BE5BDDD12}.Debug|Any CPU.ActiveCfg = Debug|Any CPU
		{83F6D6DC-0496-44DE-8789-5F4BE5BDDD12}.Debug|Any CPU.Build.0 = Debug|Any CPU
		{83F6D6DC-0496-44DE-8789-5F4BE5BDDD12}.Release|Any CPU.ActiveCfg = Release|Any CPU
		{83F6D6DC-0496-44DE-8789-5F4BE5BDDD12}.Release|Any CPU.Build.0 = Release|Any CPU
		{33F5358E-8B0C-447A-B695-FB89B8F7D4D4}.Debug|Any CPU.ActiveCfg = Debug|Any CPU
		{33F5358E-8B0C-447A-B695-FB89B8F7D4D4}.Debug|Any CPU.Build.0 = Debug|Any CPU
		{33F5358E-8B0C-447A-B695-FB89B8F7D4D4}.Release|Any CPU.ActiveCfg = Release|Any CPU
		{33F5358E-8B0C-447A-B695-FB89B8F7D4D4}.Release|Any CPU.Build.0 = Release|Any CPU
		{2BB6422B-13C6-46D7-BF03-AA05F1583006}.Debug|Any CPU.ActiveCfg = Debug|Any CPU
		{2BB6422B-13C6-46D7-BF03-AA05F1583006}.Debug|Any CPU.Build.0 = Debug|Any CPU
		{2BB6422B-13C6-46D7-BF03-AA05F1583006}.Release|Any CPU.ActiveCfg = Release|Any CPU
		{2BB6422B-13C6-46D7-BF03-AA05F1583006}.Release|Any CPU.Build.0 = Release|Any CPU
	EndGlobalSection
	GlobalSection(SolutionProperties) = preSolution
		HideSolutionNode = FALSE
	EndGlobalSection
	GlobalSection(NestedProjects) = preSolution
		{115397D3-10CA-4AD3-AEB9-B79CC32E6290} = {AAB7731B-8092-4B86-8D6C-F44C496B8AEA}
		{0AFAE6EA-581A-438D-AB62-8EC970A51582} = {115397D3-10CA-4AD3-AEB9-B79CC32E6290}
		{F5B6E237-A49A-4E48-82F0-92C0B4819D27} = {AAB7731B-8092-4B86-8D6C-F44C496B8AEA}
		{3FDCCBE9-517A-4401-9FA0-57EFB3FA3381} = {F5B6E237-A49A-4E48-82F0-92C0B4819D27}
		{2302A4CF-B9DA-4047-B32B-D9E5A693823F} = {AAB7731B-8092-4B86-8D6C-F44C496B8AEA}
		{83F6D6DC-0496-44DE-8789-5F4BE5BDDD12} = {2302A4CF-B9DA-4047-B32B-D9E5A693823F}
		{33F5358E-8B0C-447A-B695-FB89B8F7D4D4} = {2302A4CF-B9DA-4047-B32B-D9E5A693823F}
		{A8F3ECDB-2345-406C-B18A-BFFCE88293CC} = {AAB7731B-8092-4B86-8D6C-F44C496B8AEA}
		{2BB6422B-13C6-46D7-BF03-AA05F1583006} = {A8F3ECDB-2345-406C-B18A-BFFCE88293CC}
	EndGlobalSection
	GlobalSection(ExtensibilityGlobals) = postSolution
		SolutionGuid = {F4C63F4D-0C2E-472F-BD93-2439B7CE05CB}
	EndGlobalSection
EndGlobal
